
Microsoft Visual Studio Solution File, Format Version 12.00
# Visual Studio 15
VisualStudioVersion = 15.0.28307.572
MinimumVisualStudioVersion = 10.0.40219.1
Project("{FAE04EC0-301F-11D3-BF4B-00C04F79EFBC}") = "4", "4\4.csproj", "{B9CD23FC-60FF-4BC6-81DC-13D81A212174}"
EndProject
Project("{FAE04EC0-301F-11D3-BF4B-00C04F79EFBC}") = "5", "5\5.csproj", "{CFE196E2-583F-4F04-AED3-9C57E3BC25E1}"
EndProject
Project("{FAE04EC0-301F-11D3-BF4B-00C04F79EFBC}") = "6", "6\6.csproj", "{4C9444F7-EF02-48D7-848A-E2C6FBA9013B}"
EndProject
Project("{FAE04EC0-301F-11D3-BF4B-00C04F79EFBC}") = "7", "7\7.csproj", "{7AA1B54D-62B0-4CD7-B085-8738E200A63F}"
EndProject
Project("{FAE04EC0-301F-11D3-BF4B-00C04F79EFBC}") = "3", "1\3.csproj", "{629CFC4C-F108-49FB-9087-9A54FDEA16F1}"
EndProject
Global
	GlobalSection(SolutionConfigurationPlatforms) = preSolution
		Debug|Any CPU = Debug|Any CPU
		Release|Any CPU = Release|Any CPU
	EndGlobalSection
	GlobalSection(ProjectConfigurationPlatforms) = postSolution
		{B9CD23FC-60FF-4BC6-81DC-13D81A212174}.Debug|Any CPU.ActiveCfg = Debug|Any CPU
		{B9CD23FC-60FF-4BC6-81DC-13D81A212174}.Debug|Any CPU.Build.0 = Debug|Any CPU
		{B9CD23FC-60FF-4BC6-81DC-13D81A212174}.Release|Any CPU.ActiveCfg = Release|Any CPU
		{B9CD23FC-60FF-4BC6-81DC-13D81A212174}.Release|Any CPU.Build.0 = Release|Any CPU
		{CFE196E2-583F-4F04-AED3-9C57E3BC25E1}.Debug|Any CPU.ActiveCfg = Debug|Any CPU
		{CFE196E2-583F-4F04-AED3-9C57E3BC25E1}.Debug|Any CPU.Build.0 = Debug|Any CPU
		{CFE196E2-583F-4F04-AED3-9C57E3BC25E1}.Release|Any CPU.ActiveCfg = Release|Any CPU
		{CFE196E2-583F-4F04-AED3-9C57E3BC25E1}.Release|Any CPU.Build.0 = Release|Any CPU
		{4C9444F7-EF02-48D7-848A-E2C6FBA9013B}.Debug|Any CPU.ActiveCfg = Debug|Any CPU
		{4C9444F7-EF02-48D7-848A-E2C6FBA9013B}.Debug|Any CPU.Build.0 = Debug|Any CPU
		{4C9444F7-EF02-48D7-848A-E2C6FBA9013B}.Release|Any CPU.ActiveCfg = Release|Any CPU
		{4C9444F7-EF02-48D7-848A-E2C6FBA9013B}.Release|Any CPU.Build.0 = Release|Any CPU
		{7AA1B54D-62B0-4CD7-B085-8738E200A63F}.Debug|Any CPU.ActiveCfg = Debug|Any CPU
		{7AA1B54D-62B0-4CD7-B085-8738E200A63F}.Debug|Any CPU.Build.0 = Debug|Any CPU
		{7AA1B54D-62B0-4CD7-B085-8738E200A63F}.Release|Any CPU.ActiveCfg = Release|Any CPU
		{7AA1B54D-62B0-4CD7-B085-8738E200A63F}.Release|Any CPU.Build.0 = Release|Any CPU
		{629CFC4C-F108-49FB-9087-9A54FDEA16F1}.Debug|Any CPU.ActiveCfg = Debug|Any CPU
		{629CFC4C-F108-49FB-9087-9A54FDEA16F1}.Debug|Any CPU.Build.0 = Debug|Any CPU
		{629CFC4C-F108-49FB-9087-9A54FDEA16F1}.Release|Any CPU.ActiveCfg = Release|Any CPU
		{629CFC4C-F108-49FB-9087-9A54FDEA16F1}.Release|Any CPU.Build.0 = Release|Any CPU
	EndGlobalSection
	GlobalSection(SolutionProperties) = preSolution
		HideSolutionNode = FALSE
	EndGlobalSection
	GlobalSection(ExtensibilityGlobals) = postSolution
		SolutionGuid = {2F88ACAF-27CA-445E-8B60-BD2D7593D2F9}
	EndGlobalSection
EndGlobal
